
Microsoft Visual Studio Solution File, Format Version 12.00
# Visual Studio 14
VisualStudioVersion = 14.0.25123.0
MinimumVisualStudioVersion = 10.0.40219.1
Project("{FAE04EC0-301F-11D3-BF4B-00C04F79EFBC}") = "kata.sensor.scratch", "kata.sensor.scratch\kata.sensor.scratch.csproj", "{248EF9E1-8BFD-4061-87EE-F02EC9FE54C1}"
EndProject
Project("{FAE04EC0-301F-11D3-BF4B-00C04F79EFBC}") = "kata.sensor.scratch.tests", "kata.sensor.scratch.tests\kata.sensor.scratch.tests.csproj", "{E4C6FA4A-93C1-422B-AC20-89BAC0938CF8}"
EndProject
Project("{2150E333-8FDC-42A3-9474-1A3956D46DE8}") = "00. Documentation", "00. Documentation", "{B4700138-08DD-4DC3-88BE-ABBA2D3025D7}"
	ProjectSection(SolutionItems) = preProject
		README.md = README.md
	EndProjectSection
EndProject
Project("{2150E333-8FDC-42A3-9474-1A3956D46DE8}") = "01. Solution", "01. Solution", "{90EDD000-626D-4219-8306-EFEDAE79C744}"
EndProject
Global
	GlobalSection(SolutionConfigurationPlatforms) = preSolution
		Debug|Any CPU = Debug|Any CPU
		Release|Any CPU = Release|Any CPU
	EndGlobalSection
	GlobalSection(ProjectConfigurationPlatforms) = postSolution
		{248EF9E1-8BFD-4061-87EE-F02EC9FE54C1}.Debug|Any CPU.ActiveCfg = Debug|Any CPU
		{248EF9E1-8BFD-4061-87EE-F02EC9FE54C1}.Debug|Any CPU.Build.0 = Debug|Any CPU
		{248EF9E1-8BFD-4061-87EE-F02EC9FE54C1}.Release|Any CPU.ActiveCfg = Release|Any CPU
		{248EF9E1-8BFD-4061-87EE-F02EC9FE54C1}.Release|Any CPU.Build.0 = Release|Any CPU
		{E4C6FA4A-93C1-422B-AC20-89BAC0938CF8}.Debug|Any CPU.ActiveCfg = Debug|Any CPU
		{E4C6FA4A-93C1-422B-AC20-89BAC0938CF8}.Debug|Any CPU.Build.0 = Debug|Any CPU
		{E4C6FA4A-93C1-422B-AC20-89BAC0938CF8}.Release|Any CPU.ActiveCfg = Release|Any CPU
		{E4C6FA4A-93C1-422B-AC20-89BAC0938CF8}.Release|Any CPU.Build.0 = Release|Any CPU
	EndGlobalSection
	GlobalSection(SolutionProperties) = preSolution
		HideSolutionNode = FALSE
	EndGlobalSection
	GlobalSection(NestedProjects) = preSolution
		{248EF9E1-8BFD-4061-87EE-F02EC9FE54C1} = {90EDD000-626D-4219-8306-EFEDAE79C744}
		{E4C6FA4A-93C1-422B-AC20-89BAC0938CF8} = {90EDD000-626D-4219-8306-EFEDAE79C744}
	EndGlobalSection
EndGlobal
